// !$*UTF8*$!
{
	archiveVersion = 1;
	classes = {
	};
	objectVersion = 56;
	objects = {

/* Begin PBXBuildFile section */
		D11F25572BEEA7400081461D /* AlertComponent.swift in Sources */ = {isa = PBXBuildFile; fileRef = D11F25562BEEA7400081461D /* AlertComponent.swift */; };
		D14F30CC2BF137B80026E598 /* Difficulty.swift in Sources */ = {isa = PBXBuildFile; fileRef = D14F30CB2BF137B80026E598 /* Difficulty.swift */; };
		D14F30CE2BF138F00026E598 /* MainScreen.swift in Sources */ = {isa = PBXBuildFile; fileRef = D14F30CD2BF138F00026E598 /* MainScreen.swift */; };
		D184BB5D2BF57C4A00D89EC6 /* GameAlert.swift in Sources */ = {isa = PBXBuildFile; fileRef = D184BB5C2BF57C4900D89EC6 /* GameAlert.swift */; };
		D19431312BED85060000F00B /* super_tic_tac_toeApp.swift in Sources */ = {isa = PBXBuildFile; fileRef = D19431302BED85060000F00B /* super_tic_tac_toeApp.swift */; };
		D19431332BED85060000F00B /* ContentView.swift in Sources */ = {isa = PBXBuildFile; fileRef = D19431322BED85060000F00B /* ContentView.swift */; };
		D19431352BED85070000F00B /* Assets.xcassets in Resources */ = {isa = PBXBuildFile; fileRef = D19431342BED85070000F00B /* Assets.xcassets */; };
		D19431382BED85070000F00B /* Preview Assets.xcassets in Resources */ = {isa = PBXBuildFile; fileRef = D19431372BED85070000F00B /* Preview Assets.xcassets */; };
		D19431402BED85880000F00B /* TicTacToeBoard.swift in Sources */ = {isa = PBXBuildFile; fileRef = D194313F2BED85880000F00B /* TicTacToeBoard.swift */; };
		D19431432BED87FC0000F00B /* Move.swift in Sources */ = {isa = PBXBuildFile; fileRef = D19431422BED87FC0000F00B /* Move.swift */; };
		D19431452BED880C0000F00B /* Player.swift in Sources */ = {isa = PBXBuildFile; fileRef = D19431442BED880C0000F00B /* Player.swift */; };
		D19431482BED88C20000F00B /* GameBoardViewModel.swift in Sources */ = {isa = PBXBuildFile; fileRef = D19431472BED88C20000F00B /* GameBoardViewModel.swift */; };
		D1EC41CB2BEF186B009D5BE5 /* ColorPicker.swift in Sources */ = {isa = PBXBuildFile; fileRef = D1EC41CA2BEF186B009D5BE5 /* ColorPicker.swift */; };
/* End PBXBuildFile section */

/* Begin PBXFileReference section */
		D11F25562BEEA7400081461D /* AlertComponent.swift */ = {isa = PBXFileReference; lastKnownFileType = sourcecode.swift; path = AlertComponent.swift; sourceTree = "<group>"; };
		D14F30CB2BF137B80026E598 /* Difficulty.swift */ = {isa = PBXFileReference; lastKnownFileType = sourcecode.swift; path = Difficulty.swift; sourceTree = "<group>"; };
		D14F30CD2BF138F00026E598 /* MainScreen.swift */ = {isa = PBXFileReference; lastKnownFileType = sourcecode.swift; path = MainScreen.swift; sourceTree = "<group>"; };
		D184BB5C2BF57C4900D89EC6 /* GameAlert.swift */ = {isa = PBXFileReference; lastKnownFileType = sourcecode.swift; path = GameAlert.swift; sourceTree = "<group>"; };
		D194312D2BED85060000F00B /* super-tic-tac-toe.app */ = {isa = PBXFileReference; explicitFileType = wrapper.application; includeInIndex = 0; path = "super-tic-tac-toe.app"; sourceTree = BUILT_PRODUCTS_DIR; };
		D19431302BED85060000F00B /* super_tic_tac_toeApp.swift */ = {isa = PBXFileReference; lastKnownFileType = sourcecode.swift; path = super_tic_tac_toeApp.swift; sourceTree = "<group>"; };
		D19431322BED85060000F00B /* ContentView.swift */ = {isa = PBXFileReference; lastKnownFileType = sourcecode.swift; path = ContentView.swift; sourceTree = "<group>"; };
		D19431342BED85070000F00B /* Assets.xcassets */ = {isa = PBXFileReference; lastKnownFileType = folder.assetcatalog; path = Assets.xcassets; sourceTree = "<group>"; };
		D19431372BED85070000F00B /* Preview Assets.xcassets */ = {isa = PBXFileReference; lastKnownFileType = folder.assetcatalog; path = "Preview Assets.xcassets"; sourceTree = "<group>"; };
		D194313F2BED85880000F00B /* TicTacToeBoard.swift */ = {isa = PBXFileReference; lastKnownFileType = sourcecode.swift; path = TicTacToeBoard.swift; sourceTree = "<group>"; };
		D19431422BED87FC0000F00B /* Move.swift */ = {isa = PBXFileReference; lastKnownFileType = sourcecode.swift; path = Move.swift; sourceTree = "<group>"; };
		D19431442BED880C0000F00B /* Player.swift */ = {isa = PBXFileReference; lastKnownFileType = sourcecode.swift; path = Player.swift; sourceTree = "<group>"; };
		D19431472BED88C20000F00B /* GameBoardViewModel.swift */ = {isa = PBXFileReference; lastKnownFileType = sourcecode.swift; path = GameBoardViewModel.swift; sourceTree = "<group>"; };
		D1EC41CA2BEF186B009D5BE5 /* ColorPicker.swift */ = {isa = PBXFileReference; lastKnownFileType = sourcecode.swift; path = ColorPicker.swift; sourceTree = "<group>"; };
/* End PBXFileReference section */

/* Begin PBXFrameworksBuildPhase section */
		D194312A2BED85060000F00B /* Frameworks */ = {
			isa = PBXFrameworksBuildPhase;
			buildActionMask = 2147483647;
			files = (
			);
			runOnlyForDeploymentPostprocessing = 0;
		};
/* End PBXFrameworksBuildPhase section */

/* Begin PBXGroup section */
		D19431242BED85060000F00B = {
			isa = PBXGroup;
			children = (
				D194312F2BED85060000F00B /* super-tic-tac-toe */,
				D194312E2BED85060000F00B /* Products */,
			);
			sourceTree = "<group>";
		};
		D194312E2BED85060000F00B /* Products */ = {
			isa = PBXGroup;
			children = (
				D194312D2BED85060000F00B /* super-tic-tac-toe.app */,
			);
			name = Products;
			sourceTree = "<group>";
		};
		D194312F2BED85060000F00B /* super-tic-tac-toe */ = {
			isa = PBXGroup;
			children = (
				D19431302BED85060000F00B /* super_tic_tac_toeApp.swift */,
				D19431322BED85060000F00B /* ContentView.swift */,
				D19431462BED88B10000F00B /* ViewModel */,
				D19431412BED87EF0000F00B /* Model */,
				D194313E2BED857D0000F00B /* View */,
				D19431342BED85070000F00B /* Assets.xcassets */,
				D19431362BED85070000F00B /* Preview Content */,
			);
			path = "super-tic-tac-toe";
			sourceTree = "<group>";
		};
		D19431362BED85070000F00B /* Preview Content */ = {
			isa = PBXGroup;
			children = (
				D19431372BED85070000F00B /* Preview Assets.xcassets */,
			);
			path = "Preview Content";
			sourceTree = "<group>";
		};
		D194313E2BED857D0000F00B /* View */ = {
			isa = PBXGroup;
			children = (
				D194313F2BED85880000F00B /* TicTacToeBoard.swift */,
				D184BB5C2BF57C4900D89EC6 /* GameAlert.swift */,
				D14F30CD2BF138F00026E598 /* MainScreen.swift */,
				D1EC41CA2BEF186B009D5BE5 /* ColorPicker.swift */,
			);
			path = View;
			sourceTree = "<group>";
		};
		D19431412BED87EF0000F00B /* Model */ = {
			isa = PBXGroup;
			children = (
				D19431422BED87FC0000F00B /* Move.swift */,
				D19431442BED880C0000F00B /* Player.swift */,
				D11F25562BEEA7400081461D /* AlertComponent.swift */,
				D14F30CB2BF137B80026E598 /* Difficulty.swift */,
			);
			path = Model;
			sourceTree = "<group>";
		};
		D19431462BED88B10000F00B /* ViewModel */ = {
			isa = PBXGroup;
			children = (
				D19431472BED88C20000F00B /* GameBoardViewModel.swift */,
			);
			path = ViewModel;
			sourceTree = "<group>";
		};
/* End PBXGroup section */

/* Begin PBXNativeTarget section */
		D194312C2BED85060000F00B /* super-tic-tac-toe */ = {
			isa = PBXNativeTarget;
			buildConfigurationList = D194313B2BED85070000F00B /* Build configuration list for PBXNativeTarget "super-tic-tac-toe" */;
			buildPhases = (
				D19431292BED85060000F00B /* Sources */,
				D194312A2BED85060000F00B /* Frameworks */,
				D194312B2BED85060000F00B /* Resources */,
			);
			buildRules = (
			);
			dependencies = (
			);
			name = "super-tic-tac-toe";
			productName = "super-tic-tac-toe";
			productReference = D194312D2BED85060000F00B /* super-tic-tac-toe.app */;
			productType = "com.apple.product-type.application";
		};
/* End PBXNativeTarget section */

/* Begin PBXProject section */
		D19431252BED85060000F00B /* Project object */ = {
			isa = PBXProject;
			attributes = {
				BuildIndependentTargetsInParallel = 1;
				LastSwiftUpdateCheck = 1530;
				LastUpgradeCheck = 1530;
				TargetAttributes = {
					D194312C2BED85060000F00B = {
						CreatedOnToolsVersion = 15.3;
					};
				};
			};
			buildConfigurationList = D19431282BED85060000F00B /* Build configuration list for PBXProject "super-tic-tac-toe" */;
			compatibilityVersion = "Xcode 14.0";
			developmentRegion = en;
			hasScannedForEncodings = 0;
			knownRegions = (
				en,
				Base,
			);
			mainGroup = D19431242BED85060000F00B;
			productRefGroup = D194312E2BED85060000F00B /* Products */;
			projectDirPath = "";
			projectRoot = "";
			targets = (
				D194312C2BED85060000F00B /* super-tic-tac-toe */,
			);
		};
/* End PBXProject section */

/* Begin PBXResourcesBuildPhase section */
		D194312B2BED85060000F00B /* Resources */ = {
			isa = PBXResourcesBuildPhase;
			buildActionMask = 2147483647;
			files = (
				D19431382BED85070000F00B /* Preview Assets.xcassets in Resources */,
				D19431352BED85070000F00B /* Assets.xcassets in Resources */,
			);
			runOnlyForDeploymentPostprocessing = 0;
		};
/* End PBXResourcesBuildPhase section */

/* Begin PBXSourcesBuildPhase section */
		D19431292BED85060000F00B /* Sources */ = {
			isa = PBXSourcesBuildPhase;
			buildActionMask = 2147483647;
			files = (
				D11F25572BEEA7400081461D /* AlertComponent.swift in Sources */,
				D1EC41CB2BEF186B009D5BE5 /* ColorPicker.swift in Sources */,
				D184BB5D2BF57C4A00D89EC6 /* GameAlert.swift in Sources */,
				D14F30CE2BF138F00026E598 /* MainScreen.swift in Sources */,
				D19431432BED87FC0000F00B /* Move.swift in Sources */,
				D19431482BED88C20000F00B /* GameBoardViewModel.swift in Sources */,
				D19431332BED85060000F00B /* ContentView.swift in Sources */,
				D14F30CC2BF137B80026E598 /* Difficulty.swift in Sources */,
				D19431402BED85880000F00B /* TicTacToeBoard.swift in Sources */,
				D19431452BED880C0000F00B /* Player.swift in Sources */,
				D19431312BED85060000F00B /* super_tic_tac_toeApp.swift in Sources */,
			);
			runOnlyForDeploymentPostprocessing = 0;
		};
/* End PBXSourcesBuildPhase section */

/* Begin XCBuildConfiguration section */
		D19431392BED85070000F00B /* Debug */ = {
			isa = XCBuildConfiguration;
			buildSettings = {
				ALWAYS_SEARCH_USER_PATHS = NO;
				ASSETCATALOG_COMPILER_GENERATE_SWIFT_ASSET_SYMBOL_EXTENSIONS = YES;
				CLANG_ANALYZER_NONNULL = YES;
				CLANG_ANALYZER_NUMBER_OBJECT_CONVERSION = YES_AGGRESSIVE;
				CLANG_CXX_LANGUAGE_STANDARD = "gnu++20";
				CLANG_ENABLE_MODULES = YES;
				CLANG_ENABLE_OBJC_ARC = YES;
				CLANG_ENABLE_OBJC_WEAK = YES;
				CLANG_WARN_BLOCK_CAPTURE_AUTORELEASING = YES;
				CLANG_WARN_BOOL_CONVERSION = YES;
				CLANG_WARN_COMMA = YES;
				CLANG_WARN_CONSTANT_CONVERSION = YES;
				CLANG_WARN_DEPRECATED_OBJC_IMPLEMENTATIONS = YES;
				CLANG_WARN_DIRECT_OBJC_ISA_USAGE = YES_ERROR;
				CLANG_WARN_DOCUMENTATION_COMMENTS = YES;
				CLANG_WARN_EMPTY_BODY = YES;
				CLANG_WARN_ENUM_CONVERSION = YES;
				CLANG_WARN_INFINITE_RECURSION = YES;
				CLANG_WARN_INT_CONVERSION = YES;
				CLANG_WARN_NON_LITERAL_NULL_CONVERSION = YES;
				CLANG_WARN_OBJC_IMPLICIT_RETAIN_SELF = YES;
				CLANG_WARN_OBJC_LITERAL_CONVERSION = YES;
				CLANG_WARN_OBJC_ROOT_CLASS = YES_ERROR;
				CLANG_WARN_QUOTED_INCLUDE_IN_FRAMEWORK_HEADER = YES;
				CLANG_WARN_RANGE_LOOP_ANALYSIS = YES;
				CLANG_WARN_STRICT_PROTOTYPES = YES;
				CLANG_WARN_SUSPICIOUS_MOVE = YES;
				CLANG_WARN_UNGUARDED_AVAILABILITY = YES_AGGRESSIVE;
				CLANG_WARN_UNREACHABLE_CODE = YES;
				CLANG_WARN__DUPLICATE_METHOD_MATCH = YES;
				COPY_PHASE_STRIP = NO;
				DEBUG_INFORMATION_FORMAT = dwarf;
				ENABLE_STRICT_OBJC_MSGSEND = YES;
				ENABLE_TESTABILITY = YES;
				ENABLE_USER_SCRIPT_SANDBOXING = YES;
				GCC_C_LANGUAGE_STANDARD = gnu17;
				GCC_DYNAMIC_NO_PIC = NO;
				GCC_NO_COMMON_BLOCKS = YES;
				GCC_OPTIMIZATION_LEVEL = 0;
				GCC_PREPROCESSOR_DEFINITIONS = (
					"DEBUG=1",
					"$(inherited)",
				);
				GCC_WARN_64_TO_32_BIT_CONVERSION = YES;
				GCC_WARN_ABOUT_RETURN_TYPE = YES_ERROR;
				GCC_WARN_UNDECLARED_SELECTOR = YES;
				GCC_WARN_UNINITIALIZED_AUTOS = YES_AGGRESSIVE;
				GCC_WARN_UNUSED_FUNCTION = YES;
				GCC_WARN_UNUSED_VARIABLE = YES;
				IPHONEOS_DEPLOYMENT_TARGET = 17.4;
				LOCALIZATION_PREFERS_STRING_CATALOGS = YES;
				MTL_ENABLE_DEBUG_INFO = INCLUDE_SOURCE;
				MTL_FAST_MATH = YES;
				ONLY_ACTIVE_ARCH = YES;
				SDKROOT = iphoneos;
				SWIFT_ACTIVE_COMPILATION_CONDITIONS = "DEBUG $(inherited)";
				SWIFT_OPTIMIZATION_LEVEL = "-Onone";
			};
			name = Debug;
		};
		D194313A2BED85070000F00B /* Release */ = {
			isa = XCBuildConfiguration;
			buildSettings = {
				ALWAYS_SEARCH_USER_PATHS = NO;
				ASSETCATALOG_COMPILER_GENERATE_SWIFT_ASSET_SYMBOL_EXTENSIONS = YES;
				CLANG_ANALYZER_NONNULL = YES;
				CLANG_ANALYZER_NUMBER_OBJECT_CONVERSION = YES_AGGRESSIVE;
				CLANG_CXX_LANGUAGE_STANDARD = "gnu++20";
				CLANG_ENABLE_MODULES = YES;
				CLANG_ENABLE_OBJC_ARC = YES;
				CLANG_ENABLE_OBJC_WEAK = YES;
				CLANG_WARN_BLOCK_CAPTURE_AUTORELEASING = YES;
				CLANG_WARN_BOOL_CONVERSION = YES;
				CLANG_WARN_COMMA = YES;
				CLANG_WARN_CONSTANT_CONVERSION = YES;
				CLANG_WARN_DEPRECATED_OBJC_IMPLEMENTATIONS = YES;
				CLANG_WARN_DIRECT_OBJC_ISA_USAGE = YES_ERROR;
				CLANG_WARN_DOCUMENTATION_COMMENTS = YES;
				CLANG_WARN_EMPTY_BODY = YES;
				CLANG_WARN_ENUM_CONVERSION = YES;
				CLANG_WARN_INFINITE_RECURSION = YES;
				CLANG_WARN_INT_CONVERSION = YES;
				CLANG_WARN_NON_LITERAL_NULL_CONVERSION = YES;
				CLANG_WARN_OBJC_IMPLICIT_RETAIN_SELF = YES;
				CLANG_WARN_OBJC_LITERAL_CONVERSION = YES;
				CLANG_WARN_OBJC_ROOT_CLASS = YES_ERROR;
				CLANG_WARN_QUOTED_INCLUDE_IN_FRAMEWORK_HEADER = YES;
				CLANG_WARN_RANGE_LOOP_ANALYSIS = YES;
				CLANG_WARN_STRICT_PROTOTYPES = YES;
				CLANG_WARN_SUSPICIOUS_MOVE = YES;
				CLANG_WARN_UNGUARDED_AVAILABILITY = YES_AGGRESSIVE;
				CLANG_WARN_UNREACHABLE_CODE = YES;
				CLANG_WARN__DUPLICATE_METHOD_MATCH = YES;
				COPY_PHASE_STRIP = NO;
				DEBUG_INFORMATION_FORMAT = "dwarf-with-dsym";
				ENABLE_NS_ASSERTIONS = NO;
				ENABLE_STRICT_OBJC_MSGSEND = YES;
				ENABLE_USER_SCRIPT_SANDBOXING = YES;
				GCC_C_LANGUAGE_STANDARD = gnu17;
				GCC_NO_COMMON_BLOCKS = YES;
				GCC_WARN_64_TO_32_BIT_CONVERSION = YES;
				GCC_WARN_ABOUT_RETURN_TYPE = YES_ERROR;
				GCC_WARN_UNDECLARED_SELECTOR = YES;
				GCC_WARN_UNINITIALIZED_AUTOS = YES_AGGRESSIVE;
				GCC_WARN_UNUSED_FUNCTION = YES;
				GCC_WARN_UNUSED_VARIABLE = YES;
				IPHONEOS_DEPLOYMENT_TARGET = 17.4;
				LOCALIZATION_PREFERS_STRING_CATALOGS = YES;
				MTL_ENABLE_DEBUG_INFO = NO;
				MTL_FAST_MATH = YES;
				SDKROOT = iphoneos;
				SWIFT_COMPILATION_MODE = wholemodule;
				VALIDATE_PRODUCT = YES;
			};
			name = Release;
		};
		D194313C2BED85070000F00B /* Debug */ = {
			isa = XCBuildConfiguration;
			buildSettings = {
				ASSETCATALOG_COMPILER_APPICON_NAME = AppIcon;
				ASSETCATALOG_COMPILER_GLOBAL_ACCENT_COLOR_NAME = AccentColor;
				CODE_SIGN_STYLE = Automatic;
				CURRENT_PROJECT_VERSION = 1;
				DEVELOPMENT_ASSET_PATHS = "\"super-tic-tac-toe/Preview Content\"";
				DEVELOPMENT_TEAM = GRQM76566V;
				ENABLE_PREVIEWS = YES;
				GENERATE_INFOPLIST_FILE = YES;
				INFOPLIST_KEY_UIApplicationSceneManifest_Generation = YES;
				INFOPLIST_KEY_UIApplicationSupportsIndirectInputEvents = YES;
				INFOPLIST_KEY_UILaunchScreen_Generation = YES;
				INFOPLIST_KEY_UISupportedInterfaceOrientations_iPad = "UIInterfaceOrientationPortrait UIInterfaceOrientationPortraitUpsideDown UIInterfaceOrientationLandscapeLeft UIInterfaceOrientationLandscapeRight";
				INFOPLIST_KEY_UISupportedInterfaceOrientations_iPhone = "UIInterfaceOrientationPortrait UIInterfaceOrientationLandscapeLeft UIInterfaceOrientationLandscapeRight";
				LD_RUNPATH_SEARCH_PATHS = (
					"$(inherited)",
					"@executable_path/Frameworks",
				);
				MARKETING_VERSION = 1.0;
				PRODUCT_BUNDLE_IDENTIFIER = "com.BernardoSantiagoMarin.super-tic-tac-toe";
				PRODUCT_NAME = "$(TARGET_NAME)";
				SWIFT_EMIT_LOC_STRINGS = YES;
				SWIFT_VERSION = 5.0;
				TARGETED_DEVICE_FAMILY = "1,2";
			};
			name = Debug;
		};
		D194313D2BED85070000F00B /* Release */ = {
			isa = XCBuildConfiguration;
			buildSettings = {
				ASSETCATALOG_COMPILER_APPICON_NAME = AppIcon;
				ASSETCATALOG_COMPILER_GLOBAL_ACCENT_COLOR_NAME = AccentColor;
				CODE_SIGN_STYLE = Automatic;
				CURRENT_PROJECT_VERSION = 1;
				DEVELOPMENT_ASSET_PATHS = "\"super-tic-tac-toe/Preview Content\"";
				DEVELOPMENT_TEAM = GRQM76566V;
				ENABLE_PREVIEWS = YES;
				GENERATE_INFOPLIST_FILE = YES;
				INFOPLIST_KEY_UIApplicationSceneManifest_Generation = YES;
				INFOPLIST_KEY_UIApplicationSupportsIndirectInputEvents = YES;
				INFOPLIST_KEY_UILaunchScreen_Generation = YES;
				INFOPLIST_KEY_UISupportedInterfaceOrientations_iPad = "UIInterfaceOrientationPortrait UIInterfaceOrientationPortraitUpsideDown UIInterfaceOrientationLandscapeLeft UIInterfaceOrientationLandscapeRight";
				INFOPLIST_KEY_UISupportedInterfaceOrientations_iPhone = "UIInterfaceOrientationPortrait UIInterfaceOrientationLandscapeLeft UIInterfaceOrientationLandscapeRight";
				LD_RUNPATH_SEARCH_PATHS = (
					"$(inherited)",
					"@executable_path/Frameworks",
				);
				MARKETING_VERSION = 1.0;
				PRODUCT_BUNDLE_IDENTIFIER = "com.BernardoSantiagoMarin.super-tic-tac-toe";
				PRODUCT_NAME = "$(TARGET_NAME)";
				SWIFT_EMIT_LOC_STRINGS = YES;
				SWIFT_VERSION = 5.0;
				TARGETED_DEVICE_FAMILY = "1,2";
			};
			name = Release;
		};
/* End XCBuildConfiguration section */

/* Begin XCConfigurationList section */
		D19431282BED85060000F00B /* Build configuration list for PBXProject "super-tic-tac-toe" */ = {
			isa = XCConfigurationList;
			buildConfigurations = (
				D19431392BED85070000F00B /* Debug */,
				D194313A2BED85070000F00B /* Release */,
			);
			defaultConfigurationIsVisible = 0;
			defaultConfigurationName = Release;
		};
		D194313B2BED85070000F00B /* Build configuration list for PBXNativeTarget "super-tic-tac-toe" */ = {
			isa = XCConfigurationList;
			buildConfigurations = (
				D194313C2BED85070000F00B /* Debug */,
				D194313D2BED85070000F00B /* Release */,
			);
			defaultConfigurationIsVisible = 0;
			defaultConfigurationName = Release;
		};
/* End XCConfigurationList section */
	};
	rootObject = D19431252BED85060000F00B /* Project object */;
}
